
Microsoft Visual Studio Solution File, Format Version 12.00
# Visual Studio Version 17
VisualStudioVersion = 17.6.33801.468
MinimumVisualStudioVersion = 10.0.40219.1
Project("{FAE04EC0-301F-11D3-BF4B-00C04F79EFBC}") = "NageajTea.API", "NageajTea.API\NageajTea.API.csproj", "{1205853B-EA07-4407-8F8A-7A73EC487382}"
EndProject
Project("{FAE04EC0-301F-11D3-BF4B-00C04F79EFBC}") = "NagrajTea.Service", "NagrajTea.Application\NagrajTea.Service.csproj", "{CC4756B7-AF4C-4E53-A02A-2CFACAFDAAF2}"
EndProject
Project("{FAE04EC0-301F-11D3-BF4B-00C04F79EFBC}") = "NagrajTea.Core", "NagrajTea.Core\NagrajTea.Core.csproj", "{35458AC6-BAA8-44FA-AB65-27279E5AAF32}"
EndProject
Project("{FAE04EC0-301F-11D3-BF4B-00C04F79EFBC}") = "NagrajTea.Repository", "NagrajTea.Infrastructure\NagrajTea.Repository.csproj", "{20DCD69B-0915-4C4F-AA21-E95F0173C8F9}"
EndProject
Project("{FAE04EC0-301F-11D3-BF4B-00C04F79EFBC}") = "NagrajTea.Common", "NagrajTea.Common\NagrajTea.Common.csproj", "{14EFA09A-FAB1-4C15-BCF2-6EA0F8838FFE}"
EndProject
Global
	GlobalSection(SolutionConfigurationPlatforms) = preSolution
		Debug|Any CPU = Debug|Any CPU
		Release|Any CPU = Release|Any CPU
	EndGlobalSection
	GlobalSection(ProjectConfigurationPlatforms) = postSolution
		{1205853B-EA07-4407-8F8A-7A73EC487382}.Debug|Any CPU.ActiveCfg = Debug|Any CPU
		{1205853B-EA07-4407-8F8A-7A73EC487382}.Debug|Any CPU.Build.0 = Debug|Any CPU
		{1205853B-EA07-4407-8F8A-7A73EC487382}.Release|Any CPU.ActiveCfg = Release|Any CPU
		{1205853B-EA07-4407-8F8A-7A73EC487382}.Release|Any CPU.Build.0 = Release|Any CPU
		{CC4756B7-AF4C-4E53-A02A-2CFACAFDAAF2}.Debug|Any CPU.ActiveCfg = Debug|Any CPU
		{CC4756B7-AF4C-4E53-A02A-2CFACAFDAAF2}.Debug|Any CPU.Build.0 = Debug|Any CPU
		{CC4756B7-AF4C-4E53-A02A-2CFACAFDAAF2}.Release|Any CPU.ActiveCfg = Release|Any CPU
		{CC4756B7-AF4C-4E53-A02A-2CFACAFDAAF2}.Release|Any CPU.Build.0 = Release|Any CPU
		{35458AC6-BAA8-44FA-AB65-27279E5AAF32}.Debug|Any CPU.ActiveCfg = Debug|Any CPU
		{35458AC6-BAA8-44FA-AB65-27279E5AAF32}.Debug|Any CPU.Build.0 = Debug|Any CPU
		{35458AC6-BAA8-44FA-AB65-27279E5AAF32}.Release|Any CPU.ActiveCfg = Release|Any CPU
		{35458AC6-BAA8-44FA-AB65-27279E5AAF32}.Release|Any CPU.Build.0 = Release|Any CPU
		{20DCD69B-0915-4C4F-AA21-E95F0173C8F9}.Debug|Any CPU.ActiveCfg = Debug|Any CPU
		{20DCD69B-0915-4C4F-AA21-E95F0173C8F9}.Debug|Any CPU.Build.0 = Debug|Any CPU
		{20DCD69B-0915-4C4F-AA21-E95F0173C8F9}.Release|Any CPU.ActiveCfg = Release|Any CPU
		{20DCD69B-0915-4C4F-AA21-E95F0173C8F9}.Release|Any CPU.Build.0 = Release|Any CPU
		{14EFA09A-FAB1-4C15-BCF2-6EA0F8838FFE}.Debug|Any CPU.ActiveCfg = Debug|Any CPU
		{14EFA09A-FAB1-4C15-BCF2-6EA0F8838FFE}.Debug|Any CPU.Build.0 = Debug|Any CPU
		{14EFA09A-FAB1-4C15-BCF2-6EA0F8838FFE}.Release|Any CPU.ActiveCfg = Release|Any CPU
		{14EFA09A-FAB1-4C15-BCF2-6EA0F8838FFE}.Release|Any CPU.Build.0 = Release|Any CPU
	EndGlobalSection
	GlobalSection(SolutionProperties) = preSolution
		HideSolutionNode = FALSE
	EndGlobalSection
	GlobalSection(ExtensibilityGlobals) = postSolution
		SolutionGuid = {40904430-F467-4170-A6DD-6E872D9A77FB}
	EndGlobalSection
EndGlobal
